{
  "requires": true,
  "lockfileVersion": 1,
  "dependencies": {
    "croppie": {
      "version": "2.6.5",
      "resolved": "https://registry.npmjs.org/croppie/-/croppie-2.6.5.tgz",
      "integrity": "sha512-IlChnVUGG5T3w2gRZIaQgBtlvyuYnlUWs2YZIXXR3H9KrlO1PtBT3j+ykxvy9eZIWhk+V5SpBmhCQz5UXKrEKQ=="
    }
  }
}
